
Microsoft Visual Studio Solution File, Format Version 12.00
# Visual Studio Version 17
VisualStudioVersion = 17.4.33213.308
MinimumVisualStudioVersion = 10.0.40219.1
Project("{9A19103F-16F7-4668-BE54-9A1E7A4F7556}") = "Payment Gateway API", "Payment Gateway\Payment Gateway API.csproj", "{6CF7B2DB-1561-40F1-B21D-7557CAED90DB}"
EndProject
Project("{9A19103F-16F7-4668-BE54-9A1E7A4F7556}") = "Payment Executor", "Payment Executor\Payment Executor.csproj", "{DD4652F1-CD17-4E15-BE55-0522880119C4}"
EndProject
Project("{9A19103F-16F7-4668-BE54-9A1E7A4F7556}") = "Acquiring Bank Simulator API", "Acquiring Bank Simulator\Acquiring Bank Simulator API.csproj", "{C7A49FE6-3175-4D19-8303-51B8B095F2F7}"
EndProject
Project("{2150E333-8FDC-42A3-9474-1A3956D46DE8}") = "Tests", "Tests", "{0D416FC7-3C67-4D51-A07C-C4E768C5E8F7}"
EndProject
Project("{9A19103F-16F7-4668-BE54-9A1E7A4F7556}") = "Domain", "Domain\Domain.csproj", "{1068CCFE-53E9-4344-8EC9-AB65E6B2DAA4}"
EndProject
Project("{9A19103F-16F7-4668-BE54-9A1E7A4F7556}") = "Infrastructure", "Infrastructure\Infrastructure.csproj", "{89986DF5-CB78-4EFE-86A3-A998D4D403B9}"
EndProject
Project("{2150E333-8FDC-42A3-9474-1A3956D46DE8}") = "Acquiring Bank Simulator", "Acquiring Bank Simulator", "{EEC61CD9-2DB9-4B8F-8D3A-8CDFDF310797}"
EndProject
Project("{2150E333-8FDC-42A3-9474-1A3956D46DE8}") = "Payment Gateway", "Payment Gateway", "{38946B7D-BAE1-4DA6-A289-BD86AABEB49B}"
EndProject
Project("{2150E333-8FDC-42A3-9474-1A3956D46DE8}") = "Unit", "Unit", "{226AF297-65EA-45A1-B011-065775318CD7}"
EndProject
Project("{2150E333-8FDC-42A3-9474-1A3956D46DE8}") = "Integration", "Integration", "{1397EB24-6A25-4B9A-999F-62D6568355E8}"
EndProject
Project("{9A19103F-16F7-4668-BE54-9A1E7A4F7556}") = "Domain.Unit", "Tests\Domain.Unit\Domain.Unit.csproj", "{D6BE59B9-904C-426F-A798-4509C3D6837D}"
EndProject
Project("{9A19103F-16F7-4668-BE54-9A1E7A4F7556}") = "Payment Gateway API.Unit", "Tests\Payment Gateway.Unit\Payment Gateway API.Unit.csproj", "{36E73A21-4DE3-434C-942E-8EC0356D8632}"
EndProject
Project("{FAE04EC0-301F-11D3-BF4B-00C04F79EFBC}") = "PaymentExecutor.Unit", "Tests\Unit\PaymentExecutor.Unit\PaymentExecutor.Unit.csproj", "{250DDF2B-084B-44A5-8BEC-30CB3197CB55}"
EndProject
Project("{2150E333-8FDC-42A3-9474-1A3956D46DE8}") = "Performance", "Performance", "{FA7F9F6C-33CE-4B82-94B2-2BD1A3667D4E}"
EndProject
Project("{FAE04EC0-301F-11D3-BF4B-00C04F79EFBC}") = "Domain.Performance", "Tests\Performance\Domain.Performance\Domain.Performance.csproj", "{84EEEBF8-79B5-4802-A562-52DF319B863F}"
EndProject
Project("{2150E333-8FDC-42A3-9474-1A3956D46DE8}") = "Common", "Common", "{594C72BF-0CD9-4C90-8080-5F6923F00A54}"
EndProject
Project("{FAE04EC0-301F-11D3-BF4B-00C04F79EFBC}") = "Common", "Tests\Common\Common.csproj", "{FB197D3A-435F-47BF-B04F-DAC52711321B}"
EndProject
Project("{FAE04EC0-301F-11D3-BF4B-00C04F79EFBC}") = "IntegrationTests", "Tests\Integration\IntegrationTests\IntegrationTests.csproj", "{686CAB38-4E47-43A0-8D5F-1A32665A5FBA}"
EndProject
Global
	GlobalSection(SolutionConfigurationPlatforms) = preSolution
		Debug|Any CPU = Debug|Any CPU
		Release|Any CPU = Release|Any CPU
	EndGlobalSection
	GlobalSection(ProjectConfigurationPlatforms) = postSolution
		{6CF7B2DB-1561-40F1-B21D-7557CAED90DB}.Debug|Any CPU.ActiveCfg = Debug|Any CPU
		{6CF7B2DB-1561-40F1-B21D-7557CAED90DB}.Debug|Any CPU.Build.0 = Debug|Any CPU
		{6CF7B2DB-1561-40F1-B21D-7557CAED90DB}.Release|Any CPU.ActiveCfg = Release|Any CPU
		{6CF7B2DB-1561-40F1-B21D-7557CAED90DB}.Release|Any CPU.Build.0 = Release|Any CPU
		{DD4652F1-CD17-4E15-BE55-0522880119C4}.Debug|Any CPU.ActiveCfg = Debug|Any CPU
		{DD4652F1-CD17-4E15-BE55-0522880119C4}.Debug|Any CPU.Build.0 = Debug|Any CPU
		{DD4652F1-CD17-4E15-BE55-0522880119C4}.Release|Any CPU.ActiveCfg = Release|Any CPU
		{DD4652F1-CD17-4E15-BE55-0522880119C4}.Release|Any CPU.Build.0 = Release|Any CPU
		{C7A49FE6-3175-4D19-8303-51B8B095F2F7}.Debug|Any CPU.ActiveCfg = Debug|Any CPU
		{C7A49FE6-3175-4D19-8303-51B8B095F2F7}.Debug|Any CPU.Build.0 = Debug|Any CPU
		{C7A49FE6-3175-4D19-8303-51B8B095F2F7}.Release|Any CPU.ActiveCfg = Release|Any CPU
		{C7A49FE6-3175-4D19-8303-51B8B095F2F7}.Release|Any CPU.Build.0 = Release|Any CPU
		{1068CCFE-53E9-4344-8EC9-AB65E6B2DAA4}.Debug|Any CPU.ActiveCfg = Debug|Any CPU
		{1068CCFE-53E9-4344-8EC9-AB65E6B2DAA4}.Debug|Any CPU.Build.0 = Debug|Any CPU
		{1068CCFE-53E9-4344-8EC9-AB65E6B2DAA4}.Release|Any CPU.ActiveCfg = Release|Any CPU
		{1068CCFE-53E9-4344-8EC9-AB65E6B2DAA4}.Release|Any CPU.Build.0 = Release|Any CPU
		{89986DF5-CB78-4EFE-86A3-A998D4D403B9}.Debug|Any CPU.ActiveCfg = Debug|Any CPU
		{89986DF5-CB78-4EFE-86A3-A998D4D403B9}.Debug|Any CPU.Build.0 = Debug|Any CPU
		{89986DF5-CB78-4EFE-86A3-A998D4D403B9}.Release|Any CPU.ActiveCfg = Release|Any CPU
		{89986DF5-CB78-4EFE-86A3-A998D4D403B9}.Release|Any CPU.Build.0 = Release|Any CPU
		{D6BE59B9-904C-426F-A798-4509C3D6837D}.Debug|Any CPU.ActiveCfg = Debug|Any CPU
		{D6BE59B9-904C-426F-A798-4509C3D6837D}.Debug|Any CPU.Build.0 = Debug|Any CPU
		{D6BE59B9-904C-426F-A798-4509C3D6837D}.Release|Any CPU.ActiveCfg = Release|Any CPU
		{D6BE59B9-904C-426F-A798-4509C3D6837D}.Release|Any CPU.Build.0 = Release|Any CPU
		{36E73A21-4DE3-434C-942E-8EC0356D8632}.Debug|Any CPU.ActiveCfg = Debug|Any CPU
		{36E73A21-4DE3-434C-942E-8EC0356D8632}.Debug|Any CPU.Build.0 = Debug|Any CPU
		{36E73A21-4DE3-434C-942E-8EC0356D8632}.Release|Any CPU.ActiveCfg = Release|Any CPU
		{36E73A21-4DE3-434C-942E-8EC0356D8632}.Release|Any CPU.Build.0 = Release|Any CPU
		{250DDF2B-084B-44A5-8BEC-30CB3197CB55}.Debug|Any CPU.ActiveCfg = Debug|Any CPU
		{250DDF2B-084B-44A5-8BEC-30CB3197CB55}.Debug|Any CPU.Build.0 = Debug|Any CPU
		{250DDF2B-084B-44A5-8BEC-30CB3197CB55}.Release|Any CPU.ActiveCfg = Release|Any CPU
		{250DDF2B-084B-44A5-8BEC-30CB3197CB55}.Release|Any CPU.Build.0 = Release|Any CPU
		{84EEEBF8-79B5-4802-A562-52DF319B863F}.Debug|Any CPU.ActiveCfg = Debug|Any CPU
		{84EEEBF8-79B5-4802-A562-52DF319B863F}.Debug|Any CPU.Build.0 = Debug|Any CPU
		{84EEEBF8-79B5-4802-A562-52DF319B863F}.Release|Any CPU.ActiveCfg = Release|Any CPU
		{84EEEBF8-79B5-4802-A562-52DF319B863F}.Release|Any CPU.Build.0 = Release|Any CPU
		{FB197D3A-435F-47BF-B04F-DAC52711321B}.Debug|Any CPU.ActiveCfg = Debug|Any CPU
		{FB197D3A-435F-47BF-B04F-DAC52711321B}.Debug|Any CPU.Build.0 = Debug|Any CPU
		{FB197D3A-435F-47BF-B04F-DAC52711321B}.Release|Any CPU.ActiveCfg = Release|Any CPU
		{FB197D3A-435F-47BF-B04F-DAC52711321B}.Release|Any CPU.Build.0 = Release|Any CPU
		{686CAB38-4E47-43A0-8D5F-1A32665A5FBA}.Debug|Any CPU.ActiveCfg = Debug|Any CPU
		{686CAB38-4E47-43A0-8D5F-1A32665A5FBA}.Debug|Any CPU.Build.0 = Debug|Any CPU
		{686CAB38-4E47-43A0-8D5F-1A32665A5FBA}.Release|Any CPU.ActiveCfg = Release|Any CPU
		{686CAB38-4E47-43A0-8D5F-1A32665A5FBA}.Release|Any CPU.Build.0 = Release|Any CPU
	EndGlobalSection
	GlobalSection(SolutionProperties) = preSolution
		HideSolutionNode = FALSE
	EndGlobalSection
	GlobalSection(NestedProjects) = preSolution
		{6CF7B2DB-1561-40F1-B21D-7557CAED90DB} = {38946B7D-BAE1-4DA6-A289-BD86AABEB49B}
		{DD4652F1-CD17-4E15-BE55-0522880119C4} = {38946B7D-BAE1-4DA6-A289-BD86AABEB49B}
		{C7A49FE6-3175-4D19-8303-51B8B095F2F7} = {EEC61CD9-2DB9-4B8F-8D3A-8CDFDF310797}
		{1068CCFE-53E9-4344-8EC9-AB65E6B2DAA4} = {38946B7D-BAE1-4DA6-A289-BD86AABEB49B}
		{89986DF5-CB78-4EFE-86A3-A998D4D403B9} = {38946B7D-BAE1-4DA6-A289-BD86AABEB49B}
		{226AF297-65EA-45A1-B011-065775318CD7} = {0D416FC7-3C67-4D51-A07C-C4E768C5E8F7}
		{1397EB24-6A25-4B9A-999F-62D6568355E8} = {0D416FC7-3C67-4D51-A07C-C4E768C5E8F7}
		{D6BE59B9-904C-426F-A798-4509C3D6837D} = {226AF297-65EA-45A1-B011-065775318CD7}
		{36E73A21-4DE3-434C-942E-8EC0356D8632} = {226AF297-65EA-45A1-B011-065775318CD7}
		{250DDF2B-084B-44A5-8BEC-30CB3197CB55} = {226AF297-65EA-45A1-B011-065775318CD7}
		{FA7F9F6C-33CE-4B82-94B2-2BD1A3667D4E} = {0D416FC7-3C67-4D51-A07C-C4E768C5E8F7}
		{84EEEBF8-79B5-4802-A562-52DF319B863F} = {FA7F9F6C-33CE-4B82-94B2-2BD1A3667D4E}
		{594C72BF-0CD9-4C90-8080-5F6923F00A54} = {0D416FC7-3C67-4D51-A07C-C4E768C5E8F7}
		{FB197D3A-435F-47BF-B04F-DAC52711321B} = {594C72BF-0CD9-4C90-8080-5F6923F00A54}
		{686CAB38-4E47-43A0-8D5F-1A32665A5FBA} = {1397EB24-6A25-4B9A-999F-62D6568355E8}
	EndGlobalSection
	GlobalSection(ExtensibilityGlobals) = postSolution
		SolutionGuid = {D7E93ECD-4226-409A-ACE4-96296E8CDE33}
	EndGlobalSection
EndGlobal
